// !$*UTF8*$!
{
	archiveVersion = 1;
	classes = {
	};
	objectVersion = 50;
	objects = {

/* Begin PBXBuildFile section */
		04A56FCF261272D200F2DE97 /* AppDelegate.swift in Sources */ = {isa = PBXBuildFile; fileRef = 04A56FCE261272D200F2DE97 /* AppDelegate.swift */; };
		04A56FD1261272D200F2DE97 /* SceneDelegate.swift in Sources */ = {isa = PBXBuildFile; fileRef = 04A56FD0261272D200F2DE97 /* SceneDelegate.swift */; };
		04A56FD3261272D200F2DE97 /* ViewController.swift in Sources */ = {isa = PBXBuildFile; fileRef = 04A56FD2261272D200F2DE97 /* ViewController.swift */; };
		04A56FD6261272D200F2DE97 /* Main.storyboard in Resources */ = {isa = PBXBuildFile; fileRef = 04A56FD4261272D200F2DE97 /* Main.storyboard */; };
		04A56FD8261272D300F2DE97 /* Assets.xcassets in Resources */ = {isa = PBXBuildFile; fileRef = 04A56FD7261272D300F2DE97 /* Assets.xcassets */; };
		04A56FDB261272D300F2DE97 /* LaunchScreen.storyboard in Resources */ = {isa = PBXBuildFile; fileRef = 04A56FD9261272D300F2DE97 /* LaunchScreen.storyboard */; };
		04A56FED2612748B00F2DE97 /* Friend.swift in Sources */ = {isa = PBXBuildFile; fileRef = 04A56FEC2612748B00F2DE97 /* Friend.swift */; };
		04A56FF02612752700F2DE97 /* friendface.json in Resources */ = {isa = PBXBuildFile; fileRef = 04A56FEF2612752700F2DE97 /* friendface.json */; };
		04A56FF32612763200F2DE97 /* Connection.swift in Sources */ = {isa = PBXBuildFile; fileRef = 04A56FF22612763200F2DE97 /* Connection.swift */; };
/* End PBXBuildFile section */

/* Begin PBXFileReference section */
		04A56FCB261272D200F2DE97 /* FriendFace.app */ = {isa = PBXFileReference; explicitFileType = wrapper.application; includeInIndex = 0; path = FriendFace.app; sourceTree = BUILT_PRODUCTS_DIR; };
		04A56FCE261272D200F2DE97 /* AppDelegate.swift */ = {isa = PBXFileReference; lastKnownFileType = sourcecode.swift; path = AppDelegate.swift; sourceTree = "<group>"; };
		04A56FD0261272D200F2DE97 /* SceneDelegate.swift */ = {isa = PBXFileReference; lastKnownFileType = sourcecode.swift; path = SceneDelegate.swift; sourceTree = "<group>"; };
		04A56FD2261272D200F2DE97 /* ViewController.swift */ = {isa = PBXFileReference; lastKnownFileType = sourcecode.swift; path = ViewController.swift; sourceTree = "<group>"; };
		04A56FD5261272D200F2DE97 /* Base */ = {isa = PBXFileReference; lastKnownFileType = file.storyboard; name = Base; path = Base.lproj/Main.storyboard; sourceTree = "<group>"; };
		04A56FD7261272D300F2DE97 /* Assets.xcassets */ = {isa = PBXFileReference; lastKnownFileType = folder.assetcatalog; path = Assets.xcassets; sourceTree = "<group>"; };
		04A56FDA261272D300F2DE97 /* Base */ = {isa = PBXFileReference; lastKnownFileType = file.storyboard; name = Base; path = Base.lproj/LaunchScreen.storyboard; sourceTree = "<group>"; };
		04A56FDC261272D300F2DE97 /* Info.plist */ = {isa = PBXFileReference; lastKnownFileType = text.plist.xml; path = Info.plist; sourceTree = "<group>"; };
		04A56FEC2612748B00F2DE97 /* Friend.swift */ = {isa = PBXFileReference; lastKnownFileType = sourcecode.swift; path = Friend.swift; sourceTree = "<group>"; };
		04A56FEF2612752700F2DE97 /* friendface.json */ = {isa = PBXFileReference; lastKnownFileType = text.json; path = friendface.json; sourceTree = "<group>"; };
		04A56FF22612763200F2DE97 /* Connection.swift */ = {isa = PBXFileReference; lastKnownFileType = sourcecode.swift; path = Connection.swift; sourceTree = "<group>"; };
/* End PBXFileReference section */

/* Begin PBXFrameworksBuildPhase section */
		04A56FC8261272D100F2DE97 /* Frameworks */ = {
			isa = PBXFrameworksBuildPhase;
			buildActionMask = 2147483647;
			files = (
			);
			runOnlyForDeploymentPostprocessing = 0;
		};
/* End PBXFrameworksBuildPhase section */

/* Begin PBXGroup section */
		04A56FC2261272D100F2DE97 = {
			isa = PBXGroup;
			children = (
				04A56FCD261272D200F2DE97 /* FriendFace */,
				04A56FCC261272D200F2DE97 /* Products */,
			);
			sourceTree = "<group>";
		};
		04A56FCC261272D200F2DE97 /* Products */ = {
			isa = PBXGroup;
			children = (
				04A56FCB261272D200F2DE97 /* FriendFace.app */,
			);
			name = Products;
			sourceTree = "<group>";
		};
		04A56FCD261272D200F2DE97 /* FriendFace */ = {
			isa = PBXGroup;
			children = (
				04A56FE52612730800F2DE97 /* Models */,
				04A56FE62612731000F2DE97 /* Views */,
				04A56FE72612731600F2DE97 /* Controllers */,
				04A56FE3261272E200F2DE97 /* Application */,
				04A56FE4261272F200F2DE97 /* Resources */,
			);
			path = FriendFace;
			sourceTree = "<group>";
		};
		04A56FE3261272E200F2DE97 /* Application */ = {
			isa = PBXGroup;
			children = (
				04A56FD0261272D200F2DE97 /* SceneDelegate.swift */,
				04A56FCE261272D200F2DE97 /* AppDelegate.swift */,
			);
			path = Application;
			sourceTree = "<group>";
		};
		04A56FE4261272F200F2DE97 /* Resources */ = {
			isa = PBXGroup;
			children = (
				04A56FD7261272D300F2DE97 /* Assets.xcassets */,
				04A56FDC261272D300F2DE97 /* Info.plist */,
				04A56FEF2612752700F2DE97 /* friendface.json */,
			);
			name = Resources;
			sourceTree = "<group>";
		};
		04A56FE52612730800F2DE97 /* Models */ = {
			isa = PBXGroup;
			children = (
				04A56FEC2612748B00F2DE97 /* Friend.swift */,
				04A56FF22612763200F2DE97 /* Connection.swift */,
			);
			path = Models;
			sourceTree = "<group>";
		};
		04A56FE62612731000F2DE97 /* Views */ = {
			isa = PBXGroup;
			children = (
				04A56FE82612732A00F2DE97 /* Storyboards */,
			);
			path = Views;
			sourceTree = "<group>";
		};
		04A56FE72612731600F2DE97 /* Controllers */ = {
			isa = PBXGroup;
			children = (
				04A56FEA2612733F00F2DE97 /* View Controllers */,
				04A56FE92612733600F2DE97 /* Model Controllers */,
			);
			path = Controllers;
			sourceTree = "<group>";
		};
		04A56FE82612732A00F2DE97 /* Storyboards */ = {
			isa = PBXGroup;
			children = (
				04A56FD9261272D300F2DE97 /* LaunchScreen.storyboard */,
				04A56FD4261272D200F2DE97 /* Main.storyboard */,
			);
			path = Storyboards;
			sourceTree = "<group>";
		};
		04A56FE92612733600F2DE97 /* Model Controllers */ = {
			isa = PBXGroup;
			children = (
			);
			path = "Model Controllers";
			sourceTree = "<group>";
		};
		04A56FEA2612733F00F2DE97 /* View Controllers */ = {
			isa = PBXGroup;
			children = (
				04A56FD2261272D200F2DE97 /* ViewController.swift */,
			);
			path = "View Controllers";
			sourceTree = "<group>";
		};
/* End PBXGroup section */

/* Begin PBXNativeTarget section */
		04A56FCA261272D100F2DE97 /* FriendFace */ = {
			isa = PBXNativeTarget;
			buildConfigurationList = 04A56FDF261272D300F2DE97 /* Build configuration list for PBXNativeTarget "FriendFace" */;
			buildPhases = (
				04A56FC7261272D100F2DE97 /* Sources */,
				04A56FC8261272D100F2DE97 /* Frameworks */,
				04A56FC9261272D100F2DE97 /* Resources */,
			);
			buildRules = (
			);
			dependencies = (
			);
			name = FriendFace;
			productName = FriendFace;
			productReference = 04A56FCB261272D200F2DE97 /* FriendFace.app */;
			productType = "com.apple.product-type.application";
		};
/* End PBXNativeTarget section */

/* Begin PBXProject section */
		04A56FC3261272D100F2DE97 /* Project object */ = {
			isa = PBXProject;
			attributes = {
				LastSwiftUpdateCheck = 1240;
				LastUpgradeCheck = 1240;
				TargetAttributes = {
					04A56FCA261272D100F2DE97 = {
						CreatedOnToolsVersion = 12.4;
					};
				};
			};
			buildConfigurationList = 04A56FC6261272D100F2DE97 /* Build configuration list for PBXProject "FriendFace" */;
			compatibilityVersion = "Xcode 9.3";
			developmentRegion = en;
			hasScannedForEncodings = 0;
			knownRegions = (
				en,
				Base,
			);
			mainGroup = 04A56FC2261272D100F2DE97;
			productRefGroup = 04A56FCC261272D200F2DE97 /* Products */;
			projectDirPath = "";
			projectRoot = "";
			targets = (
				04A56FCA261272D100F2DE97 /* FriendFace */,
			);
		};
/* End PBXProject section */

/* Begin PBXResourcesBuildPhase section */
		04A56FC9261272D100F2DE97 /* Resources */ = {
			isa = PBXResourcesBuildPhase;
			buildActionMask = 2147483647;
			files = (
				04A56FDB261272D300F2DE97 /* LaunchScreen.storyboard in Resources */,
				04A56FD8261272D300F2DE97 /* Assets.xcassets in Resources */,
				04A56FF02612752700F2DE97 /* friendface.json in Resources */,
				04A56FD6261272D200F2DE97 /* Main.storyboard in Resources */,
			);
			runOnlyForDeploymentPostprocessing = 0;
		};
/* End PBXResourcesBuildPhase section */

/* Begin PBXSourcesBuildPhase section */
		04A56FC7261272D100F2DE97 /* Sources */ = {
			isa = PBXSourcesBuildPhase;
			buildActionMask = 2147483647;
			files = (
				04A56FD3261272D200F2DE97 /* ViewController.swift in Sources */,
				04A56FCF261272D200F2DE97 /* AppDelegate.swift in Sources */,
				04A56FF32612763200F2DE97 /* Connection.swift in Sources */,
				04A56FD1261272D200F2DE97 /* SceneDelegate.swift in Sources */,
				04A56FED2612748B00F2DE97 /* Friend.swift in Sources */,
			);
			runOnlyForDeploymentPostprocessing = 0;
		};
/* End PBXSourcesBuildPhase section */

/* Begin PBXVariantGroup section */
		04A56FD4261272D200F2DE97 /* Main.storyboard */ = {
			isa = PBXVariantGroup;
			children = (
				04A56FD5261272D200F2DE97 /* Base */,
			);
			name = Main.storyboard;
			sourceTree = "<group>";
		};
		04A56FD9261272D300F2DE97 /* LaunchScreen.storyboard */ = {
			isa = PBXVariantGroup;
			children = (
				04A56FDA261272D300F2DE97 /* Base */,
			);
			name = LaunchScreen.storyboard;
			sourceTree = "<group>";
		};
/* End PBXVariantGroup section */

/* Begin XCBuildConfiguration section */
		04A56FDD261272D300F2DE97 /* Debug */ = {
			isa = XCBuildConfiguration;
			buildSettings = {
				ALWAYS_SEARCH_USER_PATHS = NO;
				CLANG_ANALYZER_NONNULL = YES;
				CLANG_ANALYZER_NUMBER_OBJECT_CONVERSION = YES_AGGRESSIVE;
				CLANG_CXX_LANGUAGE_STANDARD = "gnu++14";
				CLANG_CXX_LIBRARY = "libc++";
				CLANG_ENABLE_MODULES = YES;
				CLANG_ENABLE_OBJC_ARC = YES;
				CLANG_ENABLE_OBJC_WEAK = YES;
				CLANG_WARN_BLOCK_CAPTURE_AUTORELEASING = YES;
				CLANG_WARN_BOOL_CONVERSION = YES;
				CLANG_WARN_COMMA = YES;
				CLANG_WARN_CONSTANT_CONVERSION = YES;
				CLANG_WARN_DEPRECATED_OBJC_IMPLEMENTATIONS = YES;
				CLANG_WARN_DIRECT_OBJC_ISA_USAGE = YES_ERROR;
				CLANG_WARN_DOCUMENTATION_COMMENTS = YES;
				CLANG_WARN_EMPTY_BODY = YES;
				CLANG_WARN_ENUM_CONVERSION = YES;
				CLANG_WARN_INFINITE_RECURSION = YES;
				CLANG_WARN_INT_CONVERSION = YES;
				CLANG_WARN_NON_LITERAL_NULL_CONVERSION = YES;
				CLANG_WARN_OBJC_IMPLICIT_RETAIN_SELF = YES;
				CLANG_WARN_OBJC_LITERAL_CONVERSION = YES;
				CLANG_WARN_OBJC_ROOT_CLASS = YES_ERROR;
				CLANG_WARN_QUOTED_INCLUDE_IN_FRAMEWORK_HEADER = YES;
				CLANG_WARN_RANGE_LOOP_ANALYSIS = YES;
				CLANG_WARN_STRICT_PROTOTYPES = YES;
				CLANG_WARN_SUSPICIOUS_MOVE = YES;
				CLANG_WARN_UNGUARDED_AVAILABILITY = YES_AGGRESSIVE;
				CLANG_WARN_UNREACHABLE_CODE = YES;
				CLANG_WARN__DUPLICATE_METHOD_MATCH = YES;
				COPY_PHASE_STRIP = NO;
				DEBUG_INFORMATION_FORMAT = dwarf;
				ENABLE_STRICT_OBJC_MSGSEND = YES;
				ENABLE_TESTABILITY = YES;
				GCC_C_LANGUAGE_STANDARD = gnu11;
				GCC_DYNAMIC_NO_PIC = NO;
				GCC_NO_COMMON_BLOCKS = YES;
				GCC_OPTIMIZATION_LEVEL = 0;
				GCC_PREPROCESSOR_DEFINITIONS = (
					"DEBUG=1",
					"$(inherited)",
				);
				GCC_WARN_64_TO_32_BIT_CONVERSION = YES;
				GCC_WARN_ABOUT_RETURN_TYPE = YES_ERROR;
				GCC_WARN_UNDECLARED_SELECTOR = YES;
				GCC_WARN_UNINITIALIZED_AUTOS = YES_AGGRESSIVE;
				GCC_WARN_UNUSED_FUNCTION = YES;
				GCC_WARN_UNUSED_VARIABLE = YES;
				IPHONEOS_DEPLOYMENT_TARGET = 14.4;
				MTL_ENABLE_DEBUG_INFO = INCLUDE_SOURCE;
				MTL_FAST_MATH = YES;
				ONLY_ACTIVE_ARCH = YES;
				SDKROOT = iphoneos;
				SWIFT_ACTIVE_COMPILATION_CONDITIONS = DEBUG;
				SWIFT_OPTIMIZATION_LEVEL = "-Onone";
			};
			name = Debug;
		};
		04A56FDE261272D300F2DE97 /* Release */ = {
			isa = XCBuildConfiguration;
			buildSettings = {
				ALWAYS_SEARCH_USER_PATHS = NO;
				CLANG_ANALYZER_NONNULL = YES;
				CLANG_ANALYZER_NUMBER_OBJECT_CONVERSION = YES_AGGRESSIVE;
				CLANG_CXX_LANGUAGE_STANDARD = "gnu++14";
				CLANG_CXX_LIBRARY = "libc++";
				CLANG_ENABLE_MODULES = YES;
				CLANG_ENABLE_OBJC_ARC = YES;
				CLANG_ENABLE_OBJC_WEAK = YES;
				CLANG_WARN_BLOCK_CAPTURE_AUTORELEASING = YES;
				CLANG_WARN_BOOL_CONVERSION = YES;
				CLANG_WARN_COMMA = YES;
				CLANG_WARN_CONSTANT_CONVERSION = YES;
				CLANG_WARN_DEPRECATED_OBJC_IMPLEMENTATIONS = YES;
				CLANG_WARN_DIRECT_OBJC_ISA_USAGE = YES_ERROR;
				CLANG_WARN_DOCUMENTATION_COMMENTS = YES;
				CLANG_WARN_EMPTY_BODY = YES;
				CLANG_WARN_ENUM_CONVERSION = YES;
				CLANG_WARN_INFINITE_RECURSION = YES;
				CLANG_WARN_INT_CONVERSION = YES;
				CLANG_WARN_NON_LITERAL_NULL_CONVERSION = YES;
				CLANG_WARN_OBJC_IMPLICIT_RETAIN_SELF = YES;
				CLANG_WARN_OBJC_LITERAL_CONVERSION = YES;
				CLANG_WARN_OBJC_ROOT_CLASS = YES_ERROR;
				CLANG_WARN_QUOTED_INCLUDE_IN_FRAMEWORK_HEADER = YES;
				CLANG_WARN_RANGE_LOOP_ANALYSIS = YES;
				CLANG_WARN_STRICT_PROTOTYPES = YES;
				CLANG_WARN_SUSPICIOUS_MOVE = YES;
				CLANG_WARN_UNGUARDED_AVAILABILITY = YES_AGGRESSIVE;
				CLANG_WARN_UNREACHABLE_CODE = YES;
				CLANG_WARN__DUPLICATE_METHOD_MATCH = YES;
				COPY_PHASE_STRIP = NO;
				DEBUG_INFORMATION_FORMAT = "dwarf-with-dsym";
				ENABLE_NS_ASSERTIONS = NO;
				ENABLE_STRICT_OBJC_MSGSEND = YES;
				GCC_C_LANGUAGE_STANDARD = gnu11;
				GCC_NO_COMMON_BLOCKS = YES;
				GCC_WARN_64_TO_32_BIT_CONVERSION = YES;
				GCC_WARN_ABOUT_RETURN_TYPE = YES_ERROR;
				GCC_WARN_UNDECLARED_SELECTOR = YES;
				GCC_WARN_UNINITIALIZED_AUTOS = YES_AGGRESSIVE;
				GCC_WARN_UNUSED_FUNCTION = YES;
				GCC_WARN_UNUSED_VARIABLE = YES;
				IPHONEOS_DEPLOYMENT_TARGET = 14.4;
				MTL_ENABLE_DEBUG_INFO = NO;
				MTL_FAST_MATH = YES;
				SDKROOT = iphoneos;
				SWIFT_COMPILATION_MODE = wholemodule;
				SWIFT_OPTIMIZATION_LEVEL = "-O";
				VALIDATE_PRODUCT = YES;
			};
			name = Release;
		};
		04A56FE0261272D300F2DE97 /* Debug */ = {
			isa = XCBuildConfiguration;
			buildSettings = {
				ASSETCATALOG_COMPILER_APPICON_NAME = AppIcon;
				ASSETCATALOG_COMPILER_GLOBAL_ACCENT_COLOR_NAME = AccentColor;
				CODE_SIGN_STYLE = Automatic;
				DEVELOPMENT_TEAM = H627294WQZ;
				INFOPLIST_FILE = FriendFace/Info.plist;
				LD_RUNPATH_SEARCH_PATHS = (
					"$(inherited)",
					"@executable_path/Frameworks",
				);
				PRODUCT_BUNDLE_IDENTIFIER = com.CodyMorley.FriendFace;
				PRODUCT_NAME = "$(TARGET_NAME)";
				SWIFT_VERSION = 5.0;
				TARGETED_DEVICE_FAMILY = "1,2";
			};
			name = Debug;
		};
		04A56FE1261272D300F2DE97 /* Release */ = {
			isa = XCBuildConfiguration;
			buildSettings = {
				ASSETCATALOG_COMPILER_APPICON_NAME = AppIcon;
				ASSETCATALOG_COMPILER_GLOBAL_ACCENT_COLOR_NAME = AccentColor;
				CODE_SIGN_STYLE = Automatic;
				DEVELOPMENT_TEAM = H627294WQZ;
				INFOPLIST_FILE = FriendFace/Info.plist;
				LD_RUNPATH_SEARCH_PATHS = (
					"$(inherited)",
					"@executable_path/Frameworks",
				);
				PRODUCT_BUNDLE_IDENTIFIER = com.CodyMorley.FriendFace;
				PRODUCT_NAME = "$(TARGET_NAME)";
				SWIFT_VERSION = 5.0;
				TARGETED_DEVICE_FAMILY = "1,2";
			};
			name = Release;
		};
/* End XCBuildConfiguration section */

/* Begin XCConfigurationList section */
		04A56FC6261272D100F2DE97 /* Build configuration list for PBXProject "FriendFace" */ = {
			isa = XCConfigurationList;
			buildConfigurations = (
				04A56FDD261272D300F2DE97 /* Debug */,
				04A56FDE261272D300F2DE97 /* Release */,
			);
			defaultConfigurationIsVisible = 0;
			defaultConfigurationName = Release;
		};
		04A56FDF261272D300F2DE97 /* Build configuration list for PBXNativeTarget "FriendFace" */ = {
			isa = XCConfigurationList;
			buildConfigurations = (
				04A56FE0261272D300F2DE97 /* Debug */,
				04A56FE1261272D300F2DE97 /* Release */,
			);
			defaultConfigurationIsVisible = 0;
			defaultConfigurationName = Release;
		};
/* End XCConfigurationList section */
	};
	rootObject = 04A56FC3261272D100F2DE97 /* Project object */;
}
